
Microsoft Visual Studio Solution File, Format Version 12.00
# Visual Studio Version 17
VisualStudioVersion = 17.4.33403.182
MinimumVisualStudioVersion = 10.0.40219.1
Project("{FAE04EC0-301F-11D3-BF4B-00C04F79EFBC}") = "Regex G07", "Regex G07\Regex G07.csproj", "{6DC05AF5-2841-4771-9EB9-20CAF1C9A81F}"
EndProject
Global
	GlobalSection(SolutionConfigurationPlatforms) = preSolution
		Debug|Any CPU = Debug|Any CPU
		Release|Any CPU = Release|Any CPU
	EndGlobalSection
	GlobalSection(ProjectConfigurationPlatforms) = postSolution
		{6DC05AF5-2841-4771-9EB9-20CAF1C9A81F}.Debug|Any CPU.ActiveCfg = Debug|Any CPU
		{6DC05AF5-2841-4771-9EB9-20CAF1C9A81F}.Debug|Any CPU.Build.0 = Debug|Any CPU
		{6DC05AF5-2841-4771-9EB9-20CAF1C9A81F}.Release|Any CPU.ActiveCfg = Release|Any CPU
		{6DC05AF5-2841-4771-9EB9-20CAF1C9A81F}.Release|Any CPU.Build.0 = Release|Any CPU
	EndGlobalSection
	GlobalSection(SolutionProperties) = preSolution
		HideSolutionNode = FALSE
	EndGlobalSection
	GlobalSection(ExtensibilityGlobals) = postSolution
		SolutionGuid = {A5BBFE58-CB18-402D-AF22-A7DB1D168208}
	EndGlobalSection
EndGlobal
